
Microsoft Visual Studio Solution File, Format Version 12.00
# Visual Studio Version 17
VisualStudioVersion = 17.8.34330.188
MinimumVisualStudioVersion = 10.0.40219.1
Project("{FAE04EC0-301F-11D3-BF4B-00C04F79EFBC}") = "ClassLibrary", "ClassLibrary\ClassLibrary.csproj", "{2DD95D67-20F2-4538-908A-C23CC378D6B2}"
EndProject
Global
	GlobalSection(SolutionConfigurationPlatforms) = preSolution
		Debug|Any CPU = Debug|Any CPU
		Release|Any CPU = Release|Any CPU
	EndGlobalSection
	GlobalSection(ProjectConfigurationPlatforms) = postSolution
		{2DD95D67-20F2-4538-908A-C23CC378D6B2}.Debug|Any CPU.ActiveCfg = Debug|Any CPU
		{2DD95D67-20F2-4538-908A-C23CC378D6B2}.Debug|Any CPU.Build.0 = Debug|Any CPU
		{2DD95D67-20F2-4538-908A-C23CC378D6B2}.Release|Any CPU.ActiveCfg = Release|Any CPU
		{2DD95D67-20F2-4538-908A-C23CC378D6B2}.Release|Any CPU.Build.0 = Release|Any CPU
	EndGlobalSection
	GlobalSection(SolutionProperties) = preSolution
		HideSolutionNode = FALSE
	EndGlobalSection
	GlobalSection(ExtensibilityGlobals) = postSolution
		SolutionGuid = {4B5A718F-FDC4-4FF9-A133-C51E61C689CB}
	EndGlobalSection
EndGlobal
